
Microsoft Visual Studio Solution File, Format Version 12.00
# Visual Studio 15
VisualStudioVersion = 15.0.26124.0
MinimumVisualStudioVersion = 15.0.26124.0
Project("{FAE04EC0-301F-11D3-BF4B-00C04F79EFBC}") = "Application", "LivrariaDDD.Application\Application.csproj", "{7BA99EBA-452E-45D8-8F75-12220A0A86B0}"
EndProject
Project("{FAE04EC0-301F-11D3-BF4B-00C04F79EFBC}") = "Domain", "LivrariaDDD.Domain\Domain.csproj", "{443BD635-14B0-4B54-A740-A28952F61F4B}"
EndProject
Project("{FAE04EC0-301F-11D3-BF4B-00C04F79EFBC}") = "CrossCutting", "LivrariaDDD.CrossCutting\CrossCutting.csproj", "{7D564B2E-9E3C-4922-864F-0CE3F9AA714E}"
EndProject
Project("{FAE04EC0-301F-11D3-BF4B-00C04F79EFBC}") = "Data", "LivrariaDDD.Data\Data.csproj", "{E240968E-78D1-437A-8A04-9940E40ABADA}"
EndProject
Project("{FAE04EC0-301F-11D3-BF4B-00C04F79EFBC}") = "Services", "LivrariaDDD.Services\Services.csproj", "{84DE4B6C-C6B1-44B3-99AE-69C1882CA2D7}"
EndProject
Global
	GlobalSection(SolutionConfigurationPlatforms) = preSolution
		Debug|Any CPU = Debug|Any CPU
		Debug|x64 = Debug|x64
		Debug|x86 = Debug|x86
		Release|Any CPU = Release|Any CPU
		Release|x64 = Release|x64
		Release|x86 = Release|x86
	EndGlobalSection
	GlobalSection(SolutionProperties) = preSolution
		HideSolutionNode = FALSE
	EndGlobalSection
	GlobalSection(ProjectConfigurationPlatforms) = postSolution
		{7BA99EBA-452E-45D8-8F75-12220A0A86B0}.Debug|Any CPU.ActiveCfg = Debug|Any CPU
		{7BA99EBA-452E-45D8-8F75-12220A0A86B0}.Debug|Any CPU.Build.0 = Debug|Any CPU
		{7BA99EBA-452E-45D8-8F75-12220A0A86B0}.Debug|x64.ActiveCfg = Debug|Any CPU
		{7BA99EBA-452E-45D8-8F75-12220A0A86B0}.Debug|x64.Build.0 = Debug|Any CPU
		{7BA99EBA-452E-45D8-8F75-12220A0A86B0}.Debug|x86.ActiveCfg = Debug|Any CPU
		{7BA99EBA-452E-45D8-8F75-12220A0A86B0}.Debug|x86.Build.0 = Debug|Any CPU
		{7BA99EBA-452E-45D8-8F75-12220A0A86B0}.Release|Any CPU.ActiveCfg = Release|Any CPU
		{7BA99EBA-452E-45D8-8F75-12220A0A86B0}.Release|Any CPU.Build.0 = Release|Any CPU
		{7BA99EBA-452E-45D8-8F75-12220A0A86B0}.Release|x64.ActiveCfg = Release|Any CPU
		{7BA99EBA-452E-45D8-8F75-12220A0A86B0}.Release|x64.Build.0 = Release|Any CPU
		{7BA99EBA-452E-45D8-8F75-12220A0A86B0}.Release|x86.ActiveCfg = Release|Any CPU
		{7BA99EBA-452E-45D8-8F75-12220A0A86B0}.Release|x86.Build.0 = Release|Any CPU
		{443BD635-14B0-4B54-A740-A28952F61F4B}.Debug|Any CPU.ActiveCfg = Debug|Any CPU
		{443BD635-14B0-4B54-A740-A28952F61F4B}.Debug|Any CPU.Build.0 = Debug|Any CPU
		{443BD635-14B0-4B54-A740-A28952F61F4B}.Debug|x64.ActiveCfg = Debug|Any CPU
		{443BD635-14B0-4B54-A740-A28952F61F4B}.Debug|x64.Build.0 = Debug|Any CPU
		{443BD635-14B0-4B54-A740-A28952F61F4B}.Debug|x86.ActiveCfg = Debug|Any CPU
		{443BD635-14B0-4B54-A740-A28952F61F4B}.Debug|x86.Build.0 = Debug|Any CPU
		{443BD635-14B0-4B54-A740-A28952F61F4B}.Release|Any CPU.ActiveCfg = Release|Any CPU
		{443BD635-14B0-4B54-A740-A28952F61F4B}.Release|Any CPU.Build.0 = Release|Any CPU
		{443BD635-14B0-4B54-A740-A28952F61F4B}.Release|x64.ActiveCfg = Release|Any CPU
		{443BD635-14B0-4B54-A740-A28952F61F4B}.Release|x64.Build.0 = Release|Any CPU
		{443BD635-14B0-4B54-A740-A28952F61F4B}.Release|x86.ActiveCfg = Release|Any CPU
		{443BD635-14B0-4B54-A740-A28952F61F4B}.Release|x86.Build.0 = Release|Any CPU
		{7D564B2E-9E3C-4922-864F-0CE3F9AA714E}.Debug|Any CPU.ActiveCfg = Debug|Any CPU
		{7D564B2E-9E3C-4922-864F-0CE3F9AA714E}.Debug|Any CPU.Build.0 = Debug|Any CPU
		{7D564B2E-9E3C-4922-864F-0CE3F9AA714E}.Debug|x64.ActiveCfg = Debug|Any CPU
		{7D564B2E-9E3C-4922-864F-0CE3F9AA714E}.Debug|x64.Build.0 = Debug|Any CPU
		{7D564B2E-9E3C-4922-864F-0CE3F9AA714E}.Debug|x86.ActiveCfg = Debug|Any CPU
		{7D564B2E-9E3C-4922-864F-0CE3F9AA714E}.Debug|x86.Build.0 = Debug|Any CPU
		{7D564B2E-9E3C-4922-864F-0CE3F9AA714E}.Release|Any CPU.ActiveCfg = Release|Any CPU
		{7D564B2E-9E3C-4922-864F-0CE3F9AA714E}.Release|Any CPU.Build.0 = Release|Any CPU
		{7D564B2E-9E3C-4922-864F-0CE3F9AA714E}.Release|x64.ActiveCfg = Release|Any CPU
		{7D564B2E-9E3C-4922-864F-0CE3F9AA714E}.Release|x64.Build.0 = Release|Any CPU
		{7D564B2E-9E3C-4922-864F-0CE3F9AA714E}.Release|x86.ActiveCfg = Release|Any CPU
		{7D564B2E-9E3C-4922-864F-0CE3F9AA714E}.Release|x86.Build.0 = Release|Any CPU
		{E240968E-78D1-437A-8A04-9940E40ABADA}.Debug|Any CPU.ActiveCfg = Debug|Any CPU
		{E240968E-78D1-437A-8A04-9940E40ABADA}.Debug|Any CPU.Build.0 = Debug|Any CPU
		{E240968E-78D1-437A-8A04-9940E40ABADA}.Debug|x64.ActiveCfg = Debug|Any CPU
		{E240968E-78D1-437A-8A04-9940E40ABADA}.Debug|x64.Build.0 = Debug|Any CPU
		{E240968E-78D1-437A-8A04-9940E40ABADA}.Debug|x86.ActiveCfg = Debug|Any CPU
		{E240968E-78D1-437A-8A04-9940E40ABADA}.Debug|x86.Build.0 = Debug|Any CPU
		{E240968E-78D1-437A-8A04-9940E40ABADA}.Release|Any CPU.ActiveCfg = Release|Any CPU
		{E240968E-78D1-437A-8A04-9940E40ABADA}.Release|Any CPU.Build.0 = Release|Any CPU
		{E240968E-78D1-437A-8A04-9940E40ABADA}.Release|x64.ActiveCfg = Release|Any CPU
		{E240968E-78D1-437A-8A04-9940E40ABADA}.Release|x64.Build.0 = Release|Any CPU
		{E240968E-78D1-437A-8A04-9940E40ABADA}.Release|x86.ActiveCfg = Release|Any CPU
		{E240968E-78D1-437A-8A04-9940E40ABADA}.Release|x86.Build.0 = Release|Any CPU
		{84DE4B6C-C6B1-44B3-99AE-69C1882CA2D7}.Debug|Any CPU.ActiveCfg = Debug|Any CPU
		{84DE4B6C-C6B1-44B3-99AE-69C1882CA2D7}.Debug|Any CPU.Build.0 = Debug|Any CPU
		{84DE4B6C-C6B1-44B3-99AE-69C1882CA2D7}.Debug|x64.ActiveCfg = Debug|Any CPU
		{84DE4B6C-C6B1-44B3-99AE-69C1882CA2D7}.Debug|x64.Build.0 = Debug|Any CPU
		{84DE4B6C-C6B1-44B3-99AE-69C1882CA2D7}.Debug|x86.ActiveCfg = Debug|Any CPU
		{84DE4B6C-C6B1-44B3-99AE-69C1882CA2D7}.Debug|x86.Build.0 = Debug|Any CPU
		{84DE4B6C-C6B1-44B3-99AE-69C1882CA2D7}.Release|Any CPU.ActiveCfg = Release|Any CPU
		{84DE4B6C-C6B1-44B3-99AE-69C1882CA2D7}.Release|Any CPU.Build.0 = Release|Any CPU
		{84DE4B6C-C6B1-44B3-99AE-69C1882CA2D7}.Release|x64.ActiveCfg = Release|Any CPU
		{84DE4B6C-C6B1-44B3-99AE-69C1882CA2D7}.Release|x64.Build.0 = Release|Any CPU
		{84DE4B6C-C6B1-44B3-99AE-69C1882CA2D7}.Release|x86.ActiveCfg = Release|Any CPU
		{84DE4B6C-C6B1-44B3-99AE-69C1882CA2D7}.Release|x86.Build.0 = Release|Any CPU
	EndGlobalSection
EndGlobal
